// !$*UTF8*$!
{
	archiveVersion = 1;
	classes = {
	};
	objectVersion = 50;
	objects = {

/* Begin PBXBuildFile section */
		D00BD74A22B8E47A00037282 /* VIPDemoTests.swift in Sources */ = {isa = PBXBuildFile; fileRef = D00BD74922B8E47A00037282 /* VIPDemoTests.swift */; };
		D00BD75322B8E71900037282 /* APIConnectTests.swift in Sources */ = {isa = PBXBuildFile; fileRef = D00BD75222B8E71900037282 /* APIConnectTests.swift */; };
		D00BD75622B8F65500037282 /* Quote.swift in Sources */ = {isa = PBXBuildFile; fileRef = D034BC5222A922120059D33F /* Quote.swift */; };
		D01751D622B24513003E57C0 /* SDWebImage.framework in Frameworks */ = {isa = PBXBuildFile; fileRef = D01751D522B24513003E57C0 /* SDWebImage.framework */; };
		D034BC4122A8D2CD0059D33F /* Alamofire.framework in Frameworks */ = {isa = PBXBuildFile; fileRef = D034BC4022A8D2CD0059D33F /* Alamofire.framework */; };
		D034BC4622A912CD0059D33F /* WisdomViewController.swift in Sources */ = {isa = PBXBuildFile; fileRef = D034BC4522A912CD0059D33F /* WisdomViewController.swift */; };
		D034BC4822A913750059D33F /* WisdomPresenter.swift in Sources */ = {isa = PBXBuildFile; fileRef = D034BC4722A913750059D33F /* WisdomPresenter.swift */; };
		D034BC4A22A913960059D33F /* WisdomModels.swift in Sources */ = {isa = PBXBuildFile; fileRef = D034BC4922A913960059D33F /* WisdomModels.swift */; };
		D034BC4C22A913A60059D33F /* WisdomWorker.swift in Sources */ = {isa = PBXBuildFile; fileRef = D034BC4B22A913A60059D33F /* WisdomWorker.swift */; };
		D034BC4E22A913B50059D33F /* WisdomRouter.swift in Sources */ = {isa = PBXBuildFile; fileRef = D034BC4D22A913B50059D33F /* WisdomRouter.swift */; };
		D034BC5022A913F60059D33F /* WisdomInteractor.swift in Sources */ = {isa = PBXBuildFile; fileRef = D034BC4F22A913F60059D33F /* WisdomInteractor.swift */; };
		D034BC5322A922120059D33F /* Quote.swift in Sources */ = {isa = PBXBuildFile; fileRef = D034BC5222A922120059D33F /* Quote.swift */; };
		D074C2BF22A8C4D900131261 /* AppDelegate.swift in Sources */ = {isa = PBXBuildFile; fileRef = D074C2BE22A8C4D900131261 /* AppDelegate.swift */; };
		D074C2C122A8C4D900131261 /* ViewController.swift in Sources */ = {isa = PBXBuildFile; fileRef = D074C2C022A8C4D900131261 /* ViewController.swift */; };
		D074C2C422A8C4D900131261 /* Main.storyboard in Resources */ = {isa = PBXBuildFile; fileRef = D074C2C222A8C4D900131261 /* Main.storyboard */; };
		D074C2C722A8C4D900131261 /* RealtimeTrafficInfomation.xcdatamodeld in Sources */ = {isa = PBXBuildFile; fileRef = D074C2C522A8C4D900131261 /* RealtimeTrafficInfomation.xcdatamodeld */; };
		D074C2C922A8C4DA00131261 /* Assets.xcassets in Resources */ = {isa = PBXBuildFile; fileRef = D074C2C822A8C4DA00131261 /* Assets.xcassets */; };
		D074C2CC22A8C4DA00131261 /* LaunchScreen.storyboard in Resources */ = {isa = PBXBuildFile; fileRef = D074C2CA22A8C4DA00131261 /* LaunchScreen.storyboard */; };
		D08415B622B0D4EC00E0973E /* Utils.swift in Sources */ = {isa = PBXBuildFile; fileRef = D08415B522B0D4EC00E0973E /* Utils.swift */; };
		D08415B822B0E44D00E0973E /* Alamofire+Extension.swift in Sources */ = {isa = PBXBuildFile; fileRef = D08415B722B0E44D00E0973E /* Alamofire+Extension.swift */; };
		D0DC13F222B7A36500C5542B /* WisdomCoreDataStore.swift in Sources */ = {isa = PBXBuildFile; fileRef = D0DC13F122B7A36500C5542B /* WisdomCoreDataStore.swift */; };
		D0DC13FA22B7A97000C5542B /* APIConnect.swift in Sources */ = {isa = PBXBuildFile; fileRef = D0DC13F922B7A97000C5542B /* APIConnect.swift */; };
/* End PBXBuildFile section */

/* Begin PBXContainerItemProxy section */
		D00BD74C22B8E47A00037282 /* PBXContainerItemProxy */ = {
			isa = PBXContainerItemProxy;
			containerPortal = D074C2B322A8C4D900131261 /* Project object */;
			proxyType = 1;
			remoteGlobalIDString = D074C2BA22A8C4D900131261;
			remoteInfo = RealtimeTrafficInfomation;
		};
/* End PBXContainerItemProxy section */

/* Begin PBXFileReference section */
		D00BD74722B8E47A00037282 /* VIPDemoTests.xctest */ = {isa = PBXFileReference; explicitFileType = wrapper.cfbundle; includeInIndex = 0; path = VIPDemoTests.xctest; sourceTree = BUILT_PRODUCTS_DIR; };
		D00BD74922B8E47A00037282 /* VIPDemoTests.swift */ = {isa = PBXFileReference; lastKnownFileType = sourcecode.swift; path = VIPDemoTests.swift; sourceTree = "<group>"; };
		D00BD74B22B8E47A00037282 /* Info.plist */ = {isa = PBXFileReference; lastKnownFileType = text.plist.xml; path = Info.plist; sourceTree = "<group>"; };
		D00BD75222B8E71900037282 /* APIConnectTests.swift */ = {isa = PBXFileReference; lastKnownFileType = sourcecode.swift; path = APIConnectTests.swift; sourceTree = "<group>"; };
		D01751D522B24513003E57C0 /* SDWebImage.framework */ = {isa = PBXFileReference; lastKnownFileType = wrapper.framework; name = SDWebImage.framework; path = Carthage/Build/iOS/SDWebImage.framework; sourceTree = "<group>"; };
		D034BC4022A8D2CD0059D33F /* Alamofire.framework */ = {isa = PBXFileReference; lastKnownFileType = wrapper.framework; name = Alamofire.framework; path = Carthage/Build/iOS/Alamofire.framework; sourceTree = "<group>"; };
		D034BC4522A912CD0059D33F /* WisdomViewController.swift */ = {isa = PBXFileReference; lastKnownFileType = sourcecode.swift; path = WisdomViewController.swift; sourceTree = "<group>"; };
		D034BC4722A913750059D33F /* WisdomPresenter.swift */ = {isa = PBXFileReference; lastKnownFileType = sourcecode.swift; path = WisdomPresenter.swift; sourceTree = "<group>"; };
		D034BC4922A913960059D33F /* WisdomModels.swift */ = {isa = PBXFileReference; lastKnownFileType = sourcecode.swift; path = WisdomModels.swift; sourceTree = "<group>"; };
		D034BC4B22A913A60059D33F /* WisdomWorker.swift */ = {isa = PBXFileReference; lastKnownFileType = sourcecode.swift; path = WisdomWorker.swift; sourceTree = "<group>"; };
		D034BC4D22A913B50059D33F /* WisdomRouter.swift */ = {isa = PBXFileReference; lastKnownFileType = sourcecode.swift; path = WisdomRouter.swift; sourceTree = "<group>"; };
		D034BC4F22A913F60059D33F /* WisdomInteractor.swift */ = {isa = PBXFileReference; lastKnownFileType = sourcecode.swift; path = WisdomInteractor.swift; sourceTree = "<group>"; };
		D034BC5222A922120059D33F /* Quote.swift */ = {isa = PBXFileReference; lastKnownFileType = sourcecode.swift; path = Quote.swift; sourceTree = "<group>"; };
		D074C2BB22A8C4D900131261 /* RealtimeTrafficInfomation.app */ = {isa = PBXFileReference; explicitFileType = wrapper.application; includeInIndex = 0; path = RealtimeTrafficInfomation.app; sourceTree = BUILT_PRODUCTS_DIR; };
		D074C2BE22A8C4D900131261 /* AppDelegate.swift */ = {isa = PBXFileReference; lastKnownFileType = sourcecode.swift; path = AppDelegate.swift; sourceTree = "<group>"; };
		D074C2C022A8C4D900131261 /* ViewController.swift */ = {isa = PBXFileReference; lastKnownFileType = sourcecode.swift; path = ViewController.swift; sourceTree = "<group>"; };
		D074C2C322A8C4D900131261 /* Base */ = {isa = PBXFileReference; lastKnownFileType = file.storyboard; name = Base; path = Base.lproj/Main.storyboard; sourceTree = "<group>"; };
		D074C2C622A8C4D900131261 /* RealtimeTrafficInfomation.xcdatamodel */ = {isa = PBXFileReference; lastKnownFileType = wrapper.xcdatamodel; path = RealtimeTrafficInfomation.xcdatamodel; sourceTree = "<group>"; };
		D074C2C822A8C4DA00131261 /* Assets.xcassets */ = {isa = PBXFileReference; lastKnownFileType = folder.assetcatalog; path = Assets.xcassets; sourceTree = "<group>"; };
		D074C2CB22A8C4DA00131261 /* Base */ = {isa = PBXFileReference; lastKnownFileType = file.storyboard; name = Base; path = Base.lproj/LaunchScreen.storyboard; sourceTree = "<group>"; };
		D074C2CD22A8C4DA00131261 /* Info.plist */ = {isa = PBXFileReference; lastKnownFileType = text.plist.xml; path = Info.plist; sourceTree = "<group>"; };
		D08415B522B0D4EC00E0973E /* Utils.swift */ = {isa = PBXFileReference; lastKnownFileType = sourcecode.swift; path = Utils.swift; sourceTree = "<group>"; };
		D08415B722B0E44D00E0973E /* Alamofire+Extension.swift */ = {isa = PBXFileReference; lastKnownFileType = sourcecode.swift; path = "Alamofire+Extension.swift"; sourceTree = "<group>"; };
		D0DC13F122B7A36500C5542B /* WisdomCoreDataStore.swift */ = {isa = PBXFileReference; lastKnownFileType = sourcecode.swift; path = WisdomCoreDataStore.swift; sourceTree = "<group>"; };
		D0DC13F922B7A97000C5542B /* APIConnect.swift */ = {isa = PBXFileReference; lastKnownFileType = sourcecode.swift; path = APIConnect.swift; sourceTree = "<group>"; };
/* End PBXFileReference section */

/* Begin PBXFrameworksBuildPhase section */
		D00BD74422B8E47A00037282 /* Frameworks */ = {
			isa = PBXFrameworksBuildPhase;
			buildActionMask = 2147483647;
			files = (
			);
			runOnlyForDeploymentPostprocessing = 0;
		};
		D074C2B822A8C4D900131261 /* Frameworks */ = {
			isa = PBXFrameworksBuildPhase;
			buildActionMask = 2147483647;
			files = (
				D01751D622B24513003E57C0 /* SDWebImage.framework in Frameworks */,
				D034BC4122A8D2CD0059D33F /* Alamofire.framework in Frameworks */,
			);
			runOnlyForDeploymentPostprocessing = 0;
		};
/* End PBXFrameworksBuildPhase section */

/* Begin PBXGroup section */
		D00BD74822B8E47A00037282 /* VIPDemoTests */ = {
			isa = PBXGroup;
			children = (
				D00BD75122B8E70200037282 /* API */,
				D00BD74922B8E47A00037282 /* VIPDemoTests.swift */,
				D00BD74B22B8E47A00037282 /* Info.plist */,
			);
			path = VIPDemoTests;
			sourceTree = "<group>";
		};
		D00BD75122B8E70200037282 /* API */ = {
			isa = PBXGroup;
			children = (
				D00BD75222B8E71900037282 /* APIConnectTests.swift */,
			);
			path = API;
			sourceTree = "<group>";
		};
		D034BC3F22A8D2CC0059D33F /* Frameworks */ = {
			isa = PBXGroup;
			children = (
				D01751D522B24513003E57C0 /* SDWebImage.framework */,
				D034BC4022A8D2CD0059D33F /* Alamofire.framework */,
			);
			name = Frameworks;
			sourceTree = "<group>";
		};
		D034BC4222A911320059D33F /* Scenes */ = {
			isa = PBXGroup;
			children = (
				D034BC4422A9117F0059D33F /* Wisdom */,
				D034BC4322A9116A0059D33F /* Traffic */,
			);
			path = Scenes;
			sourceTree = "<group>";
		};
		D034BC4322A9116A0059D33F /* Traffic */ = {
			isa = PBXGroup;
			children = (
			);
			path = Traffic;
			sourceTree = "<group>";
		};
		D034BC4422A9117F0059D33F /* Wisdom */ = {
			isa = PBXGroup;
			children = (
				D034BC4522A912CD0059D33F /* WisdomViewController.swift */,
				D034BC4722A913750059D33F /* WisdomPresenter.swift */,
				D034BC4922A913960059D33F /* WisdomModels.swift */,
				D034BC4B22A913A60059D33F /* WisdomWorker.swift */,
				D034BC4D22A913B50059D33F /* WisdomRouter.swift */,
				D034BC4F22A913F60059D33F /* WisdomInteractor.swift */,
			);
			path = Wisdom;
			sourceTree = "<group>";
		};
		D034BC5122A920EB0059D33F /* Models */ = {
			isa = PBXGroup;
			children = (
				D034BC5222A922120059D33F /* Quote.swift */,
			);
			path = Models;
			sourceTree = "<group>";
		};
		D074C2B222A8C4D900131261 = {
			isa = PBXGroup;
			children = (
				D074C2BD22A8C4D900131261 /* RealtimeTrafficInfomation */,
				D00BD74822B8E47A00037282 /* VIPDemoTests */,
				D074C2BC22A8C4D900131261 /* Products */,
				D034BC3F22A8D2CC0059D33F /* Frameworks */,
			);
			sourceTree = "<group>";
		};
		D074C2BC22A8C4D900131261 /* Products */ = {
			isa = PBXGroup;
			children = (
				D074C2BB22A8C4D900131261 /* RealtimeTrafficInfomation.app */,
				D00BD74722B8E47A00037282 /* VIPDemoTests.xctest */,
			);
			name = Products;
			sourceTree = "<group>";
		};
		D074C2BD22A8C4D900131261 /* RealtimeTrafficInfomation */ = {
			isa = PBXGroup;
			children = (
				D0DC13F622B7A93900C5542B /* API */,
				D08415B422B0D4D700E0973E /* Common */,
				D0DC13EE22B7A2DF00C5542B /* Database */,
				D034BC5122A920EB0059D33F /* Models */,
				D034BC4222A911320059D33F /* Scenes */,
				D074C2BE22A8C4D900131261 /* AppDelegate.swift */,
				D074C2C022A8C4D900131261 /* ViewController.swift */,
				D074C2C222A8C4D900131261 /* Main.storyboard */,
				D074C2C822A8C4DA00131261 /* Assets.xcassets */,
				D074C2CA22A8C4DA00131261 /* LaunchScreen.storyboard */,
				D074C2CD22A8C4DA00131261 /* Info.plist */,
				D074C2C522A8C4D900131261 /* RealtimeTrafficInfomation.xcdatamodeld */,
			);
			path = RealtimeTrafficInfomation;
			sourceTree = "<group>";
		};
		D08415B422B0D4D700E0973E /* Common */ = {
			isa = PBXGroup;
			children = (
				D08415B522B0D4EC00E0973E /* Utils.swift */,
				D08415B722B0E44D00E0973E /* Alamofire+Extension.swift */,
			);
			path = Common;
			sourceTree = "<group>";
		};
		D0DC13EE22B7A2DF00C5542B /* Database */ = {
			isa = PBXGroup;
			children = (
				D0DC13F122B7A36500C5542B /* WisdomCoreDataStore.swift */,
			);
			path = Database;
			sourceTree = "<group>";
		};
		D0DC13F622B7A93900C5542B /* API */ = {
			isa = PBXGroup;
			children = (
				D0DC13F922B7A97000C5542B /* APIConnect.swift */,
			);
			path = API;
			sourceTree = "<group>";
		};
/* End PBXGroup section */

/* Begin PBXNativeTarget section */
		D00BD74622B8E47A00037282 /* VIPDemoTests */ = {
			isa = PBXNativeTarget;
			buildConfigurationList = D00BD75022B8E47A00037282 /* Build configuration list for PBXNativeTarget "VIPDemoTests" */;
			buildPhases = (
				D00BD74322B8E47A00037282 /* Sources */,
				D00BD74422B8E47A00037282 /* Frameworks */,
				D00BD74522B8E47A00037282 /* Resources */,
			);
			buildRules = (
			);
			dependencies = (
				D00BD74D22B8E47A00037282 /* PBXTargetDependency */,
			);
			name = VIPDemoTests;
			productName = VIPDemoTests;
			productReference = D00BD74722B8E47A00037282 /* VIPDemoTests.xctest */;
			productType = "com.apple.product-type.bundle.unit-test";
		};
		D074C2BA22A8C4D900131261 /* RealtimeTrafficInfomation */ = {
			isa = PBXNativeTarget;
			buildConfigurationList = D074C2D022A8C4DA00131261 /* Build configuration list for PBXNativeTarget "RealtimeTrafficInfomation" */;
			buildPhases = (
				D074C2B722A8C4D900131261 /* Sources */,
				D074C2B822A8C4D900131261 /* Frameworks */,
				D074C2B922A8C4D900131261 /* Resources */,
				D074C2D322A8CC8100131261 /* Carthage */,
			);
			buildRules = (
			);
			dependencies = (
			);
			name = RealtimeTrafficInfomation;
			productName = RealtimeTrafficInfomation;
			productReference = D074C2BB22A8C4D900131261 /* RealtimeTrafficInfomation.app */;
			productType = "com.apple.product-type.application";
		};
/* End PBXNativeTarget section */

/* Begin PBXProject section */
		D074C2B322A8C4D900131261 /* Project object */ = {
			isa = PBXProject;
			attributes = {
				LastSwiftUpdateCheck = 1020;
				LastUpgradeCheck = 1020;
				ORGANIZATIONNAME = jlai;
				TargetAttributes = {
					D00BD74622B8E47A00037282 = {
						CreatedOnToolsVersion = 10.2.1;
						TestTargetID = D074C2BA22A8C4D900131261;
					};
					D074C2BA22A8C4D900131261 = {
						CreatedOnToolsVersion = 10.2.1;
					};
				};
			};
			buildConfigurationList = D074C2B622A8C4D900131261 /* Build configuration list for PBXProject "RealtimeTrafficInfomation" */;
			compatibilityVersion = "Xcode 9.3";
			developmentRegion = en;
			hasScannedForEncodings = 0;
			knownRegions = (
				en,
				Base,
			);
			mainGroup = D074C2B222A8C4D900131261;
			productRefGroup = D074C2BC22A8C4D900131261 /* Products */;
			projectDirPath = "";
			projectRoot = "";
			targets = (
				D074C2BA22A8C4D900131261 /* RealtimeTrafficInfomation */,
				D00BD74622B8E47A00037282 /* VIPDemoTests */,
			);
		};
/* End PBXProject section */

/* Begin PBXResourcesBuildPhase section */
		D00BD74522B8E47A00037282 /* Resources */ = {
			isa = PBXResourcesBuildPhase;
			buildActionMask = 2147483647;
			files = (
			);
			runOnlyForDeploymentPostprocessing = 0;
		};
		D074C2B922A8C4D900131261 /* Resources */ = {
			isa = PBXResourcesBuildPhase;
			buildActionMask = 2147483647;
			files = (
				D074C2CC22A8C4DA00131261 /* LaunchScreen.storyboard in Resources */,
				D074C2C922A8C4DA00131261 /* Assets.xcassets in Resources */,
				D074C2C422A8C4D900131261 /* Main.storyboard in Resources */,
			);
			runOnlyForDeploymentPostprocessing = 0;
		};
/* End PBXResourcesBuildPhase section */

/* Begin PBXShellScriptBuildPhase section */
		D074C2D322A8CC8100131261 /* Carthage */ = {
			isa = PBXShellScriptBuildPhase;
			buildActionMask = 2147483647;
			files = (
			);
			inputFileListPaths = (
			);
			inputPaths = (
				"$(SRCROOT)/Carthage/Build/iOS/Alamofire.framework",
				"$(SRCROOT)/Carthage/Build/iOS/SDWebImage.framework",
			);
			name = Carthage;
			outputFileListPaths = (
			);
			outputPaths = (
				"$(BUILT_PRODUCTS_DIR)/$(FRAMEWORKS_FOLDER_PATH)/Alamofire.framework\n",
				"$(BUILT_PRODUCTS_DIR)/$(FRAMEWORKS_FOLDER_PATH)/SDWebImage.framework",
			);
			runOnlyForDeploymentPostprocessing = 0;
			shellPath = /bin/sh;
			shellScript = "/usr/local/bin/carthage copy-frameworks\n";
		};
/* End PBXShellScriptBuildPhase section */

/* Begin PBXSourcesBuildPhase section */
		D00BD74322B8E47A00037282 /* Sources */ = {
			isa = PBXSourcesBuildPhase;
			buildActionMask = 2147483647;
			files = (
				D00BD74A22B8E47A00037282 /* VIPDemoTests.swift in Sources */,
				D00BD75622B8F65500037282 /* Quote.swift in Sources */,
				D00BD75322B8E71900037282 /* APIConnectTests.swift in Sources */,
			);
			runOnlyForDeploymentPostprocessing = 0;
		};
		D074C2B722A8C4D900131261 /* Sources */ = {
			isa = PBXSourcesBuildPhase;
			buildActionMask = 2147483647;
			files = (
				D074C2C122A8C4D900131261 /* ViewController.swift in Sources */,
				D034BC4E22A913B50059D33F /* WisdomRouter.swift in Sources */,
				D034BC5322A922120059D33F /* Quote.swift in Sources */,
				D0DC13FA22B7A97000C5542B /* APIConnect.swift in Sources */,
				D0DC13F222B7A36500C5542B /* WisdomCoreDataStore.swift in Sources */,
				D074C2BF22A8C4D900131261 /* AppDelegate.swift in Sources */,
				D08415B822B0E44D00E0973E /* Alamofire+Extension.swift in Sources */,
				D034BC4C22A913A60059D33F /* WisdomWorker.swift in Sources */,
				D074C2C722A8C4D900131261 /* RealtimeTrafficInfomation.xcdatamodeld in Sources */,
				D034BC4822A913750059D33F /* WisdomPresenter.swift in Sources */,
				D08415B622B0D4EC00E0973E /* Utils.swift in Sources */,
				D034BC5022A913F60059D33F /* WisdomInteractor.swift in Sources */,
				D034BC4A22A913960059D33F /* WisdomModels.swift in Sources */,
				D034BC4622A912CD0059D33F /* WisdomViewController.swift in Sources */,
			);
			runOnlyForDeploymentPostprocessing = 0;
		};
/* End PBXSourcesBuildPhase section */

/* Begin PBXTargetDependency section */
		D00BD74D22B8E47A00037282 /* PBXTargetDependency */ = {
			isa = PBXTargetDependency;
			target = D074C2BA22A8C4D900131261 /* RealtimeTrafficInfomation */;
			targetProxy = D00BD74C22B8E47A00037282 /* PBXContainerItemProxy */;
		};
/* End PBXTargetDependency section */

/* Begin PBXVariantGroup section */
		D074C2C222A8C4D900131261 /* Main.storyboard */ = {
			isa = PBXVariantGroup;
			children = (
				D074C2C322A8C4D900131261 /* Base */,
			);
			name = Main.storyboard;
			sourceTree = "<group>";
		};
		D074C2CA22A8C4DA00131261 /* LaunchScreen.storyboard */ = {
			isa = PBXVariantGroup;
			children = (
				D074C2CB22A8C4DA00131261 /* Base */,
			);
			name = LaunchScreen.storyboard;
			sourceTree = "<group>";
		};
/* End PBXVariantGroup section */

/* Begin XCBuildConfiguration section */
		D00BD74E22B8E47A00037282 /* Debug */ = {
			isa = XCBuildConfiguration;
			buildSettings = {
				BUNDLE_LOADER = "$(TEST_HOST)";
				CODE_SIGN_STYLE = Automatic;
				DEVELOPMENT_TEAM = 9HCL95QE8Y;
				INFOPLIST_FILE = VIPDemoTests/Info.plist;
				IPHONEOS_DEPLOYMENT_TARGET = 11.0;
				LD_RUNPATH_SEARCH_PATHS = (
					"$(inherited)",
					"@executable_path/Frameworks",
					"@loader_path/Frameworks",
				);
				PRODUCT_BUNDLE_IDENTIFIER = personal.team.jlai.VIPDemoTests;
				PRODUCT_NAME = "$(TARGET_NAME)";
				SWIFT_VERSION = 5.0;
				TARGETED_DEVICE_FAMILY = "1,2";
				TEST_HOST = "$(BUILT_PRODUCTS_DIR)/RealtimeTrafficInfomation.app/RealtimeTrafficInfomation";
			};
			name = Debug;
		};
		D00BD74F22B8E47A00037282 /* Release */ = {
			isa = XCBuildConfiguration;
			buildSettings = {
				BUNDLE_LOADER = "$(TEST_HOST)";
				CODE_SIGN_STYLE = Automatic;
				DEVELOPMENT_TEAM = 9HCL95QE8Y;
				INFOPLIST_FILE = VIPDemoTests/Info.plist;
				IPHONEOS_DEPLOYMENT_TARGET = 11.0;
				LD_RUNPATH_SEARCH_PATHS = (
					"$(inherited)",
					"@executable_path/Frameworks",
					"@loader_path/Frameworks",
				);
				PRODUCT_BUNDLE_IDENTIFIER = personal.team.jlai.VIPDemoTests;
				PRODUCT_NAME = "$(TARGET_NAME)";
				SWIFT_VERSION = 5.0;
				TARGETED_DEVICE_FAMILY = "1,2";
				TEST_HOST = "$(BUILT_PRODUCTS_DIR)/RealtimeTrafficInfomation.app/RealtimeTrafficInfomation";
			};
			name = Release;
		};
		D074C2CE22A8C4DA00131261 /* Debug */ = {
			isa = XCBuildConfiguration;
			buildSettings = {
				ALWAYS_SEARCH_USER_PATHS = NO;
				CLANG_ANALYZER_NONNULL = YES;
				CLANG_ANALYZER_NUMBER_OBJECT_CONVERSION = YES_AGGRESSIVE;
				CLANG_CXX_LANGUAGE_STANDARD = "gnu++14";
				CLANG_CXX_LIBRARY = "libc++";
				CLANG_ENABLE_MODULES = YES;
				CLANG_ENABLE_OBJC_ARC = YES;
				CLANG_ENABLE_OBJC_WEAK = YES;
				CLANG_WARN_BLOCK_CAPTURE_AUTORELEASING = YES;
				CLANG_WARN_BOOL_CONVERSION = YES;
				CLANG_WARN_COMMA = YES;
				CLANG_WARN_CONSTANT_CONVERSION = YES;
				CLANG_WARN_DEPRECATED_OBJC_IMPLEMENTATIONS = YES;
				CLANG_WARN_DIRECT_OBJC_ISA_USAGE = YES_ERROR;
				CLANG_WARN_DOCUMENTATION_COMMENTS = YES;
				CLANG_WARN_EMPTY_BODY = YES;
				CLANG_WARN_ENUM_CONVERSION = YES;
				CLANG_WARN_INFINITE_RECURSION = YES;
				CLANG_WARN_INT_CONVERSION = YES;
				CLANG_WARN_NON_LITERAL_NULL_CONVERSION = YES;
				CLANG_WARN_OBJC_IMPLICIT_RETAIN_SELF = YES;
				CLANG_WARN_OBJC_LITERAL_CONVERSION = YES;
				CLANG_WARN_OBJC_ROOT_CLASS = YES_ERROR;
				CLANG_WARN_RANGE_LOOP_ANALYSIS = YES;
				CLANG_WARN_STRICT_PROTOTYPES = YES;
				CLANG_WARN_SUSPICIOUS_MOVE = YES;
				CLANG_WARN_UNGUARDED_AVAILABILITY = YES_AGGRESSIVE;
				CLANG_WARN_UNREACHABLE_CODE = YES;
				CLANG_WARN__DUPLICATE_METHOD_MATCH = YES;
				CODE_SIGN_IDENTITY = "iPhone Developer";
				COPY_PHASE_STRIP = NO;
				DEBUG_INFORMATION_FORMAT = dwarf;
				ENABLE_STRICT_OBJC_MSGSEND = YES;
				ENABLE_TESTABILITY = YES;
				GCC_C_LANGUAGE_STANDARD = gnu11;
				GCC_DYNAMIC_NO_PIC = NO;
				GCC_NO_COMMON_BLOCKS = YES;
				GCC_OPTIMIZATION_LEVEL = 0;
				GCC_PREPROCESSOR_DEFINITIONS = (
					"DEBUG=1",
					"$(inherited)",
				);
				GCC_WARN_64_TO_32_BIT_CONVERSION = YES;
				GCC_WARN_ABOUT_RETURN_TYPE = YES_ERROR;
				GCC_WARN_UNDECLARED_SELECTOR = YES;
				GCC_WARN_UNINITIALIZED_AUTOS = YES_AGGRESSIVE;
				GCC_WARN_UNUSED_FUNCTION = YES;
				GCC_WARN_UNUSED_VARIABLE = YES;
				IPHONEOS_DEPLOYMENT_TARGET = 11.0;
				MTL_ENABLE_DEBUG_INFO = INCLUDE_SOURCE;
				MTL_FAST_MATH = YES;
				ONLY_ACTIVE_ARCH = YES;
				SDKROOT = iphoneos;
				SWIFT_ACTIVE_COMPILATION_CONDITIONS = DEBUG;
				SWIFT_OPTIMIZATION_LEVEL = "-Onone";
			};
			name = Debug;
		};
		D074C2CF22A8C4DA00131261 /* Release */ = {
			isa = XCBuildConfiguration;
			buildSettings = {
				ALWAYS_SEARCH_USER_PATHS = NO;
				CLANG_ANALYZER_NONNULL = YES;
				CLANG_ANALYZER_NUMBER_OBJECT_CONVERSION = YES_AGGRESSIVE;
				CLANG_CXX_LANGUAGE_STANDARD = "gnu++14";
				CLANG_CXX_LIBRARY = "libc++";
				CLANG_ENABLE_MODULES = YES;
				CLANG_ENABLE_OBJC_ARC = YES;
				CLANG_ENABLE_OBJC_WEAK = YES;
				CLANG_WARN_BLOCK_CAPTURE_AUTORELEASING = YES;
				CLANG_WARN_BOOL_CONVERSION = YES;
				CLANG_WARN_COMMA = YES;
				CLANG_WARN_CONSTANT_CONVERSION = YES;
				CLANG_WARN_DEPRECATED_OBJC_IMPLEMENTATIONS = YES;
				CLANG_WARN_DIRECT_OBJC_ISA_USAGE = YES_ERROR;
				CLANG_WARN_DOCUMENTATION_COMMENTS = YES;
				CLANG_WARN_EMPTY_BODY = YES;
				CLANG_WARN_ENUM_CONVERSION = YES;
				CLANG_WARN_INFINITE_RECURSION = YES;
				CLANG_WARN_INT_CONVERSION = YES;
				CLANG_WARN_NON_LITERAL_NULL_CONVERSION = YES;
				CLANG_WARN_OBJC_IMPLICIT_RETAIN_SELF = YES;
				CLANG_WARN_OBJC_LITERAL_CONVERSION = YES;
				CLANG_WARN_OBJC_ROOT_CLASS = YES_ERROR;
				CLANG_WARN_RANGE_LOOP_ANALYSIS = YES;
				CLANG_WARN_STRICT_PROTOTYPES = YES;
				CLANG_WARN_SUSPICIOUS_MOVE = YES;
				CLANG_WARN_UNGUARDED_AVAILABILITY = YES_AGGRESSIVE;
				CLANG_WARN_UNREACHABLE_CODE = YES;
				CLANG_WARN__DUPLICATE_METHOD_MATCH = YES;
				CODE_SIGN_IDENTITY = "iPhone Developer";
				COPY_PHASE_STRIP = NO;
				DEBUG_INFORMATION_FORMAT = "dwarf-with-dsym";
				ENABLE_NS_ASSERTIONS = NO;
				ENABLE_STRICT_OBJC_MSGSEND = YES;
				GCC_C_LANGUAGE_STANDARD = gnu11;
				GCC_NO_COMMON_BLOCKS = YES;
				GCC_WARN_64_TO_32_BIT_CONVERSION = YES;
				GCC_WARN_ABOUT_RETURN_TYPE = YES_ERROR;
				GCC_WARN_UNDECLARED_SELECTOR = YES;
				GCC_WARN_UNINITIALIZED_AUTOS = YES_AGGRESSIVE;
				GCC_WARN_UNUSED_FUNCTION = YES;
				GCC_WARN_UNUSED_VARIABLE = YES;
				IPHONEOS_DEPLOYMENT_TARGET = 11.0;
				MTL_ENABLE_DEBUG_INFO = NO;
				MTL_FAST_MATH = YES;
				SDKROOT = iphoneos;
				SWIFT_COMPILATION_MODE = wholemodule;
				SWIFT_OPTIMIZATION_LEVEL = "-O";
				VALIDATE_PRODUCT = YES;
			};
			name = Release;
		};
		D074C2D122A8C4DA00131261 /* Debug */ = {
			isa = XCBuildConfiguration;
			buildSettings = {
				ASSETCATALOG_COMPILER_APPICON_NAME = AppIcon;
				CODE_SIGN_STYLE = Automatic;
				DEVELOPMENT_TEAM = 9HCL95QE8Y;
				FRAMEWORK_SEARCH_PATHS = (
					"$(inherited)",
					"$(PROJECT_DIR)/Carthage/Build/iOS",
				);
				INFOPLIST_FILE = RealtimeTrafficInfomation/Info.plist;
				LD_RUNPATH_SEARCH_PATHS = (
					"$(inherited)",
					"@executable_path/Frameworks",
				);
				OTHER_LDFLAGS = "";
				PRODUCT_BUNDLE_IDENTIFIER = personal.team.jlai.RealtimeTrafficInfomation;
				PRODUCT_NAME = "$(TARGET_NAME)";
				SWIFT_VERSION = 5.0;
				TARGETED_DEVICE_FAMILY = "1,2";
			};
			name = Debug;
		};
		D074C2D222A8C4DA00131261 /* Release */ = {
			isa = XCBuildConfiguration;
			buildSettings = {
				ASSETCATALOG_COMPILER_APPICON_NAME = AppIcon;
				CODE_SIGN_STYLE = Automatic;
				DEVELOPMENT_TEAM = 9HCL95QE8Y;
				FRAMEWORK_SEARCH_PATHS = (
					"$(inherited)",
					"$(PROJECT_DIR)/Carthage/Build/iOS",
				);
				INFOPLIST_FILE = RealtimeTrafficInfomation/Info.plist;
				LD_RUNPATH_SEARCH_PATHS = (
					"$(inherited)",
					"@executable_path/Frameworks",
				);
				OTHER_LDFLAGS = "";
				PRODUCT_BUNDLE_IDENTIFIER = personal.team.jlai.RealtimeTrafficInfomation;
				PRODUCT_NAME = "$(TARGET_NAME)";
				SWIFT_VERSION = 5.0;
				TARGETED_DEVICE_FAMILY = "1,2";
			};
			name = Release;
		};
/* End XCBuildConfiguration section */

/* Begin XCConfigurationList section */
		D00BD75022B8E47A00037282 /* Build configuration list for PBXNativeTarget "VIPDemoTests" */ = {
			isa = XCConfigurationList;
			buildConfigurations = (
				D00BD74E22B8E47A00037282 /* Debug */,
				D00BD74F22B8E47A00037282 /* Release */,
			);
			defaultConfigurationIsVisible = 0;
			defaultConfigurationName = Release;
		};
		D074C2B622A8C4D900131261 /* Build configuration list for PBXProject "RealtimeTrafficInfomation" */ = {
			isa = XCConfigurationList;
			buildConfigurations = (
				D074C2CE22A8C4DA00131261 /* Debug */,
				D074C2CF22A8C4DA00131261 /* Release */,
			);
			defaultConfigurationIsVisible = 0;
			defaultConfigurationName = Release;
		};
		D074C2D022A8C4DA00131261 /* Build configuration list for PBXNativeTarget "RealtimeTrafficInfomation" */ = {
			isa = XCConfigurationList;
			buildConfigurations = (
				D074C2D122A8C4DA00131261 /* Debug */,
				D074C2D222A8C4DA00131261 /* Release */,
			);
			defaultConfigurationIsVisible = 0;
			defaultConfigurationName = Release;
		};
/* End XCConfigurationList section */

/* Begin XCVersionGroup section */
		D074C2C522A8C4D900131261 /* RealtimeTrafficInfomation.xcdatamodeld */ = {
			isa = XCVersionGroup;
			children = (
				D074C2C622A8C4D900131261 /* RealtimeTrafficInfomation.xcdatamodel */,
			);
			currentVersion = D074C2C622A8C4D900131261 /* RealtimeTrafficInfomation.xcdatamodel */;
			path = RealtimeTrafficInfomation.xcdatamodeld;
			sourceTree = "<group>";
			versionGroupType = wrapper.xcdatamodel;
		};
/* End XCVersionGroup section */
	};
	rootObject = D074C2B322A8C4D900131261 /* Project object */;
}
